// !$*UTF8*$!
{
	archiveVersion = 1;
	classes = {
	};
	objectVersion = 46;
	objects = {

/* Begin PBXBuildFile section */
		AB68A7BC1F3199EE005FD876 /* AppDelegate.swift in Sources */ = {isa = PBXBuildFile; fileRef = AB68A7BB1F3199EE005FD876 /* AppDelegate.swift */; };
		AB68A7BE1F3199EE005FD876 /* ViewController.swift in Sources */ = {isa = PBXBuildFile; fileRef = AB68A7BD1F3199EE005FD876 /* ViewController.swift */; };
		AB68A7C11F3199EE005FD876 /* Main.storyboard in Resources */ = {isa = PBXBuildFile; fileRef = AB68A7BF1F3199EE005FD876 /* Main.storyboard */; };
		AB68A7C31F3199EF005FD876 /* Assets.xcassets in Resources */ = {isa = PBXBuildFile; fileRef = AB68A7C21F3199EF005FD876 /* Assets.xcassets */; };
		AB68A7C61F3199EF005FD876 /* LaunchScreen.storyboard in Resources */ = {isa = PBXBuildFile; fileRef = AB68A7C41F3199EF005FD876 /* LaunchScreen.storyboard */; };
/* End PBXBuildFile section */

/* Begin PBXFileReference section */
		AB68A7B81F3199EE005FD876 /* CountApp_3.app */ = {isa = PBXFileReference; explicitFileType = wrapper.application; includeInIndex = 0; path = CountApp_3.app; sourceTree = BUILT_PRODUCTS_DIR; };
		AB68A7BB1F3199EE005FD876 /* AppDelegate.swift */ = {isa = PBXFileReference; lastKnownFileType = sourcecode.swift; path = AppDelegate.swift; sourceTree = "<group>"; };
		AB68A7BD1F3199EE005FD876 /* ViewController.swift */ = {isa = PBXFileReference; lastKnownFileType = sourcecode.swift; path = ViewController.swift; sourceTree = "<group>"; };
		AB68A7C01F3199EE005FD876 /* Base */ = {isa = PBXFileReference; lastKnownFileType = file.storyboard; name = Base; path = Base.lproj/Main.storyboard; sourceTree = "<group>"; };
		AB68A7C21F3199EF005FD876 /* Assets.xcassets */ = {isa = PBXFileReference; lastKnownFileType = folder.assetcatalog; path = Assets.xcassets; sourceTree = "<group>"; };
		AB68A7C51F3199EF005FD876 /* Base */ = {isa = PBXFileReference; lastKnownFileType = file.storyboard; name = Base; path = Base.lproj/LaunchScreen.storyboard; sourceTree = "<group>"; };
		AB68A7C71F3199EF005FD876 /* Info.plist */ = {isa = PBXFileReference; lastKnownFileType = text.plist.xml; path = Info.plist; sourceTree = "<group>"; };
/* End PBXFileReference section */

/* Begin PBXFrameworksBuildPhase section */
		AB68A7B51F3199EE005FD876 /* Frameworks */ = {
			isa = PBXFrameworksBuildPhase;
			buildActionMask = 2147483647;
			files = (
			);
			runOnlyForDeploymentPostprocessing = 0;
		};
/* End PBXFrameworksBuildPhase section */

/* Begin PBXGroup section */
		AB68A7AF1F3199EE005FD876 = {
			isa = PBXGroup;
			children = (
				AB68A7BA1F3199EE005FD876 /* CountApp_3 */,
				AB68A7B91F3199EE005FD876 /* Products */,
			);
			sourceTree = "<group>";
		};
		AB68A7B91F3199EE005FD876 /* Products */ = {
			isa = PBXGroup;
			children = (
				AB68A7B81F3199EE005FD876 /* CountApp_3.app */,
			);
			name = Products;
			sourceTree = "<group>";
		};
		AB68A7BA1F3199EE005FD876 /* CountApp_3 */ = {
			isa = PBXGroup;
			children = (
				AB68A7BB1F3199EE005FD876 /* AppDelegate.swift */,
				AB68A7BD1F3199EE005FD876 /* ViewController.swift */,
				AB68A7BF1F3199EE005FD876 /* Main.storyboard */,
				AB68A7C21F3199EF005FD876 /* Assets.xcassets */,
				AB68A7C41F3199EF005FD876 /* LaunchScreen.storyboard */,
				AB68A7C71F3199EF005FD876 /* Info.plist */,
			);
			path = CountApp_3;
			sourceTree = "<group>";
		};
/* End PBXGroup section */

/* Begin PBXNativeTarget section */
		AB68A7B71F3199EE005FD876 /* CountApp_3 */ = {
			isa = PBXNativeTarget;
			buildConfigurationList = AB68A7CA1F3199EF005FD876 /* Build configuration list for PBXNativeTarget "CountApp_3" */;
			buildPhases = (
				AB68A7B41F3199EE005FD876 /* Sources */,
				AB68A7B51F3199EE005FD876 /* Frameworks */,
				AB68A7B61F3199EE005FD876 /* Resources */,
			);
			buildRules = (
			);
			dependencies = (
			);
			name = CountApp_3;
			productName = CountApp_3;
			productReference = AB68A7B81F3199EE005FD876 /* CountApp_3.app */;
			productType = "com.apple.product-type.application";
		};
/* End PBXNativeTarget section */

/* Begin PBXProject section */
		AB68A7B01F3199EE005FD876 /* Project object */ = {
			isa = PBXProject;
			attributes = {
				LastSwiftUpdateCheck = 0830;
				LastUpgradeCheck = 0830;
				ORGANIZATIONNAME = nttr;
				TargetAttributes = {
					AB68A7B71F3199EE005FD876 = {
						CreatedOnToolsVersion = 8.3.3;
						ProvisioningStyle = Automatic;
					};
				};
			};
			buildConfigurationList = AB68A7B31F3199EE005FD876 /* Build configuration list for PBXProject "CountApp_3" */;
			compatibilityVersion = "Xcode 3.2";
			developmentRegion = English;
			hasScannedForEncodings = 0;
			knownRegions = (
				en,
				Base,
			);
			mainGroup = AB68A7AF1F3199EE005FD876;
			productRefGroup = AB68A7B91F3199EE005FD876 /* Products */;
			projectDirPath = "";
			projectRoot = "";
			targets = (
				AB68A7B71F3199EE005FD876 /* CountApp_3 */,
			);
		};
/* End PBXProject section */

/* Begin PBXResourcesBuildPhase section */
		AB68A7B61F3199EE005FD876 /* Resources */ = {
			isa = PBXResourcesBuildPhase;
			buildActionMask = 2147483647;
			files = (
				AB68A7C61F3199EF005FD876 /* LaunchScreen.storyboard in Resources */,
				AB68A7C31F3199EF005FD876 /* Assets.xcassets in Resources */,
				AB68A7C11F3199EE005FD876 /* Main.storyboard in Resources */,
			);
			runOnlyForDeploymentPostprocessing = 0;
		};
/* End PBXResourcesBuildPhase section */

/* Begin PBXSourcesBuildPhase section */
		AB68A7B41F3199EE005FD876 /* Sources */ = {
			isa = PBXSourcesBuildPhase;
			buildActionMask = 2147483647;
			files = (
				AB68A7BE1F3199EE005FD876 /* ViewController.swift in Sources */,
				AB68A7BC1F3199EE005FD876 /* AppDelegate.swift in Sources */,
			);
			runOnlyForDeploymentPostprocessing = 0;
		};
/* End PBXSourcesBuildPhase section */

/* Begin PBXVariantGroup section */
		AB68A7BF1F3199EE005FD876 /* Main.storyboard */ = {
			isa = PBXVariantGroup;
			children = (
				AB68A7C01F3199EE005FD876 /* Base */,
			);
			name = Main.storyboard;
			sourceTree = "<group>";
		};
		AB68A7C41F3199EF005FD876 /* LaunchScreen.storyboard */ = {
			isa = PBXVariantGroup;
			children = (
				AB68A7C51F3199EF005FD876 /* Base */,
			);
			name = LaunchScreen.storyboard;
			sourceTree = "<group>";
		};
/* End PBXVariantGroup section */

/* Begin XCBuildConfiguration section */
		AB68A7C81F3199EF005FD876 /* Debug */ = {
			isa = XCBuildConfiguration;
			buildSettings = {
				ALWAYS_SEARCH_USER_PATHS = NO;
				CLANG_ANALYZER_NONNULL = YES;
				CLANG_ANALYZER_NUMBER_OBJECT_CONVERSION = YES_AGGRESSIVE;
				CLANG_CXX_LANGUAGE_STANDARD = "gnu++0x";
				CLANG_CXX_LIBRARY = "libc++";
				CLANG_ENABLE_MODULES = YES;
				CLANG_ENABLE_OBJC_ARC = YES;
				CLANG_WARN_BOOL_CONVERSION = YES;
				CLANG_WARN_CONSTANT_CONVERSION = YES;
				CLANG_WARN_DIRECT_OBJC_ISA_USAGE = YES_ERROR;
				CLANG_WARN_DOCUMENTATION_COMMENTS = YES;
				CLANG_WARN_EMPTY_BODY = YES;
				CLANG_WARN_ENUM_CONVERSION = YES;
				CLANG_WARN_INFINITE_RECURSION = YES;
				CLANG_WARN_INT_CONVERSION = YES;
				CLANG_WARN_OBJC_ROOT_CLASS = YES_ERROR;
				CLANG_WARN_SUSPICIOUS_MOVE = YES;
				CLANG_WARN_UNREACHABLE_CODE = YES;
				CLANG_WARN__DUPLICATE_METHOD_MATCH = YES;
				"CODE_SIGN_IDENTITY[sdk=iphoneos*]" = "iPhone Developer";
				COPY_PHASE_STRIP = NO;
				DEBUG_INFORMATION_FORMAT = dwarf;
				ENABLE_STRICT_OBJC_MSGSEND = YES;
				ENABLE_TESTABILITY = YES;
				GCC_C_LANGUAGE_STANDARD = gnu99;
				GCC_DYNAMIC_NO_PIC = NO;
				GCC_NO_COMMON_BLOCKS = YES;
				GCC_OPTIMIZATION_LEVEL = 0;
				GCC_PREPROCESSOR_DEFINITIONS = (
					"DEBUG=1",
					"$(inherited)",
				);
				GCC_WARN_64_TO_32_BIT_CONVERSION = YES;
				GCC_WARN_ABOUT_RETURN_TYPE = YES_ERROR;
				GCC_WARN_UNDECLARED_SELECTOR = YES;
				GCC_WARN_UNINITIALIZED_AUTOS = YES_AGGRESSIVE;
				GCC_WARN_UNUSED_FUNCTION = YES;
				GCC_WARN_UNUSED_VARIABLE = YES;
				IPHONEOS_DEPLOYMENT_TARGET = 10.3;
				MTL_ENABLE_DEBUG_INFO = YES;
				ONLY_ACTIVE_ARCH = YES;
				SDKROOT = iphoneos;
				SWIFT_ACTIVE_COMPILATION_CONDITIONS = DEBUG;
				SWIFT_OPTIMIZATION_LEVEL = "-Onone";
			};
			name = Debug;
		};
		AB68A7C91F3199EF005FD876 /* Release */ = {
			isa = XCBuildConfiguration;
			buildSettings = {
				ALWAYS_SEARCH_USER_PATHS = NO;
				CLANG_ANALYZER_NONNULL = YES;
				CLANG_ANALYZER_NUMBER_OBJECT_CONVERSION = YES_AGGRESSIVE;
				CLANG_CXX_LANGUAGE_STANDARD = "gnu++0x";
				CLANG_CXX_LIBRARY = "libc++";
				CLANG_ENABLE_MODULES = YES;
				CLANG_ENABLE_OBJC_ARC = YES;
				CLANG_WARN_BOOL_CONVERSION = YES;
				CLANG_WARN_CONSTANT_CONVERSION = YES;
				CLANG_WARN_DIRECT_OBJC_ISA_USAGE = YES_ERROR;
				CLANG_WARN_DOCUMENTATION_COMMENTS = YES;
				CLANG_WARN_EMPTY_BODY = YES;
				CLANG_WARN_ENUM_CONVERSION = YES;
				CLANG_WARN_INFINITE_RECURSION = YES;
				CLANG_WARN_INT_CONVERSION = YES;
				CLANG_WARN_OBJC_ROOT_CLASS = YES_ERROR;
				CLANG_WARN_SUSPICIOUS_MOVE = YES;
				CLANG_WARN_UNREACHABLE_CODE = YES;
				CLANG_WARN__DUPLICATE_METHOD_MATCH = YES;
				"CODE_SIGN_IDENTITY[sdk=iphoneos*]" = "iPhone Developer";
				COPY_PHASE_STRIP = NO;
				DEBUG_INFORMATION_FORMAT = "dwarf-with-dsym";
				ENABLE_NS_ASSERTIONS = NO;
				ENABLE_STRICT_OBJC_MSGSEND = YES;
				GCC_C_LANGUAGE_STANDARD = gnu99;
				GCC_NO_COMMON_BLOCKS = YES;
				GCC_WARN_64_TO_32_BIT_CONVERSION = YES;
				GCC_WARN_ABOUT_RETURN_TYPE = YES_ERROR;
				GCC_WARN_UNDECLARED_SELECTOR = YES;
				GCC_WARN_UNINITIALIZED_AUTOS = YES_AGGRESSIVE;
				GCC_WARN_UNUSED_FUNCTION = YES;
				GCC_WARN_UNUSED_VARIABLE = YES;
				IPHONEOS_DEPLOYMENT_TARGET = 10.3;
				MTL_ENABLE_DEBUG_INFO = NO;
				SDKROOT = iphoneos;
				SWIFT_OPTIMIZATION_LEVEL = "-Owholemodule";
				VALIDATE_PRODUCT = YES;
			};
			name = Release;
		};
		AB68A7CB1F3199EF005FD876 /* Debug */ = {
			isa = XCBuildConfiguration;
			buildSettings = {
				ASSETCATALOG_COMPILER_APPICON_NAME = AppIcon;
				INFOPLIST_FILE = CountApp_3/Info.plist;
				LD_RUNPATH_SEARCH_PATHS = "$(inherited) @executable_path/Frameworks";
				PRODUCT_BUNDLE_IDENTIFIER = "com.ishiyama.CountApp-3";
				PRODUCT_NAME = "$(TARGET_NAME)";
				SWIFT_VERSION = 3.0;
			};
			name = Debug;
		};
		AB68A7CC1F3199EF005FD876 /* Release */ = {
			isa = XCBuildConfiguration;
			buildSettings = {
				ASSETCATALOG_COMPILER_APPICON_NAME = AppIcon;
				INFOPLIST_FILE = CountApp_3/Info.plist;
				LD_RUNPATH_SEARCH_PATHS = "$(inherited) @executable_path/Frameworks";
				PRODUCT_BUNDLE_IDENTIFIER = "com.ishiyama.CountApp-3";
				PRODUCT_NAME = "$(TARGET_NAME)";
				SWIFT_VERSION = 3.0;
			};
			name = Release;
		};
/* End XCBuildConfiguration section */

/* Begin XCConfigurationList section */
		AB68A7B31F3199EE005FD876 /* Build configuration list for PBXProject "CountApp_3" */ = {
			isa = XCConfigurationList;
			buildConfigurations = (
				AB68A7C81F3199EF005FD876 /* Debug */,
				AB68A7C91F3199EF005FD876 /* Release */,
			);
			defaultConfigurationIsVisible = 0;
			defaultConfigurationName = Release;
		};
		AB68A7CA1F3199EF005FD876 /* Build configuration list for PBXNativeTarget "CountApp_3" */ = {
			isa = XCConfigurationList;
			buildConfigurations = (
				AB68A7CB1F3199EF005FD876 /* Debug */,
				AB68A7CC1F3199EF005FD876 /* Release */,
			);
			defaultConfigurationIsVisible = 0;
		};
/* End XCConfigurationList section */
	};
	rootObject = AB68A7B01F3199EE005FD876 /* Project object */;
}
